# THIS IS AN AUTOGENERATED FILE. DO NOT EDIT THIS FILE DIRECTLY.
# yarn lockfile v1


"@codekraft-studio/vue-animated@^0.1.5":
  version "0.1.5"
  resolved "https://registry.yarnpkg.com/@codekraft-studio/vue-animated/-/vue-animated-0.1.5.tgz#bba6dbd05a3943e126da4f53e3aebf95c6403f33"
  integrity sha512-mdrbs5C/mrthR7GVOOBvLUyFXWv1jrQnaErI50gEkzB1WwfzolpXllYI4K0jGCgnRh7XLs1PnqSorOJPgOp6dg==
  dependencies:
    animate.css "^3.4.0"
    vue "^2.2.0"

animate.css@^3.4.0:
  version "3.7.2"
  resolved "https://registry.yarnpkg.com/animate.css/-/animate.css-3.7.2.tgz#e73e0d50e92cb1cfef1597d9b38a9481020e08ea"
  integrity sha512-0bE8zYo7C0KvgOYrSVfrzkbYk6IOTVPNqkiHg2cbyF4Pq/PXzilz4BRWA3hwEUBoMp5VBgrC29lQIZyhRWdBTw==

vue@^2.2.0:
  version "2.6.14"
  resolved "https://registry.yarnpkg.com/vue/-/vue-2.6.14.tgz#e51aa5250250d569a3fbad3a8a5a687d6036e235"
  integrity sha512-x2284lgYvjOMj3Za7kqzRcUSxBboHqtgRE2zlos1qWaOye5yUmHn42LB1250NJBLRwEcdrB0JRwyPTEPhfQjiQ==
